PODS:
  - MBProgressHUD (1.1.0)

DEPENDENCIES:
  - MBProgressHUD (~> 1.1.0)

SPEC REPOS:
  https://github.com/cocoapods/specs.git:
    - MBProgressHUD

SPEC CHECKSUMS:
  MBProgressHUD: e7baa36a220447d8aeb12769bf0585582f3866d9

PODFILE CHECKSUM: 86bd2a50ad2a8ff92aef2a81c375b2b4382bfdac

COCOAPODS: 1.7.0.beta.3
