// !$*UTF8*$!
{
	archiveVersion = 1;
	classes = {
	};
	objectVersion = 51;
	objects = {

/* Begin PBXBuildFile section */
		06D481B3AED2782530D908CD /* libPods-NearbyUITests.a in Frameworks */ = {isa = PBXBuildFile; fileRef = EA0AAB3D91479FF861DE21A3 /* libPods-NearbyUITests.a */; };
		3C331AF1C705FC8AF12A1E98 /* libPods-NearbyTests.a in Frameworks */ = {isa = PBXBuildFile; fileRef = 266BAB7C9B4C4EFA8863A05A /* libPods-NearbyTests.a */; };
		9A1DADAE2290D620008289C2 /* NearbyUITests.swift in Sources */ = {isa = PBXBuildFile; fileRef = 9A1DADAD2290D620008289C2 /* NearbyUITests.swift */; };
		9A1DADB62290D738008289C2 /* MockService.swift in Sources */ = {isa = PBXBuildFile; fileRef = 9A924C3122900F6F00463602 /* MockService.swift */; };
		9A1DADB82290E045008289C2 /* Identifiers.swift in Sources */ = {isa = PBXBuildFile; fileRef = 9A1DADB72290E045008289C2 /* Identifiers.swift */; };
		9A1DADB92290E049008289C2 /* Identifiers.swift in Sources */ = {isa = PBXBuildFile; fileRef = 9A1DADB72290E045008289C2 /* Identifiers.swift */; };
		9A1DADBA2290E04A008289C2 /* Identifiers.swift in Sources */ = {isa = PBXBuildFile; fileRef = 9A1DADB72290E045008289C2 /* Identifiers.swift */; };
		9A1DADE822933740008289C2 /* DetailViewController.swift in Sources */ = {isa = PBXBuildFile; fileRef = 9A1DADE622933740008289C2 /* DetailViewController.swift */; };
		9A1DADE922933740008289C2 /* DetailViewController.xib in Resources */ = {isa = PBXBuildFile; fileRef = 9A1DADE722933740008289C2 /* DetailViewController.xib */; };
		9A1DADEB229352C1008289C2 /* DetailViewControllerTests.swift in Sources */ = {isa = PBXBuildFile; fileRef = 9A1DADEA229352C1008289C2 /* DetailViewControllerTests.swift */; };
		9A3205C02290721800E7911D /* MapViewController.swift in Sources */ = {isa = PBXBuildFile; fileRef = 9A3205BE2290721800E7911D /* MapViewController.swift */; };
		9A3205C12290721800E7911D /* MapViewController.xib in Resources */ = {isa = PBXBuildFile; fileRef = 9A3205BF2290721800E7911D /* MapViewController.xib */; };
		9A3205C322909BB200E7911D /* main.swift in Sources */ = {isa = PBXBuildFile; fileRef = 9A3205C222909BB200E7911D /* main.swift */; };
		9A924BF2228C6D2200463602 /* AppDelegate.swift in Sources */ = {isa = PBXBuildFile; fileRef = 9A924BF1228C6D2200463602 /* AppDelegate.swift */; };
		9A924BF9228C6D2400463602 /* Assets.xcassets in Resources */ = {isa = PBXBuildFile; fileRef = 9A924BF8228C6D2400463602 /* Assets.xcassets */; };
		9A924BFC228C6D2400463602 /* LaunchScreen.storyboard in Resources */ = {isa = PBXBuildFile; fileRef = 9A924BFA228C6D2400463602 /* LaunchScreen.storyboard */; };
		9A924C20228C869400463602 /* ResponseModel.swift in Sources */ = {isa = PBXBuildFile; fileRef = 9A924C1F228C869400463602 /* ResponseModel.swift */; };
		9A924C28228C899900463602 /* BaseViewController.swift in Sources */ = {isa = PBXBuildFile; fileRef = 9A924C27228C899900463602 /* BaseViewController.swift */; };
		9A924C2A228CA5E200463602 /* Service.swift in Sources */ = {isa = PBXBuildFile; fileRef = 9A924C29228CA5E200463602 /* Service.swift */; };
		9A924C2C228CB6CA00463602 /* MapAnnotation.swift in Sources */ = {isa = PBXBuildFile; fileRef = 9A924C2B228CB6CA00463602 /* MapAnnotation.swift */; };
		9A924C2F22900EA300463602 /* NetworkService.swift in Sources */ = {isa = PBXBuildFile; fileRef = 9A924C2E22900EA300463602 /* NetworkService.swift */; };
		9A924C3222900F6F00463602 /* MockService.swift in Sources */ = {isa = PBXBuildFile; fileRef = 9A924C3122900F6F00463602 /* MockService.swift */; };
		9A924C342290352C00463602 /* MapViewControllerTests.swift in Sources */ = {isa = PBXBuildFile; fileRef = 9A924C332290352C00463602 /* MapViewControllerTests.swift */; };
		CB9B2B5E2024EF1A142EC2D2 /* Pods_Nearby.framework in Frameworks */ = {isa = PBXBuildFile; fileRef = D3F5915E8B830137611240C7 /* Pods_Nearby.framework */; };
/* End PBXBuildFile section */

/* Begin PBXContainerItemProxy section */
		9A1DADB02290D620008289C2 /* PBXContainerItemProxy */ = {
			isa = PBXContainerItemProxy;
			containerPortal = 9A924BE6228C6D2100463602 /* Project object */;
			proxyType = 1;
			remoteGlobalIDString = 9A924BED228C6D2100463602;
			remoteInfo = Nearby;
		};
		9A924C03228C6D2400463602 /* PBXContainerItemProxy */ = {
			isa = PBXContainerItemProxy;
			containerPortal = 9A924BE6228C6D2100463602 /* Project object */;
			proxyType = 1;
			remoteGlobalIDString = 9A924BED228C6D2100463602;
			remoteInfo = Nearby;
		};
/* End PBXContainerItemProxy section */

/* Begin PBXFileReference section */
		266BAB7C9B4C4EFA8863A05A /* libPods-NearbyTests.a */ = {isa = PBXFileReference; explicitFileType = archive.ar; includeInIndex = 0; path = "libPods-NearbyTests.a"; sourceTree = BUILT_PRODUCTS_DIR; };
		2D0A0EC3D261A535A41D2F62 /* Pods-Nearby.release.xcconfig */ = {isa = PBXFileReference; includeInIndex = 1; lastKnownFileType = text.xcconfig; name = "Pods-Nearby.release.xcconfig"; path = "Target Support Files/Pods-Nearby/Pods-Nearby.release.xcconfig"; sourceTree = "<group>"; };
		645D70C7B3D4F6B79832028F /* Pods-NearbyUITests.release.xcconfig */ = {isa = PBXFileReference; includeInIndex = 1; lastKnownFileType = text.xcconfig; name = "Pods-NearbyUITests.release.xcconfig"; path = "Target Support Files/Pods-NearbyUITests/Pods-NearbyUITests.release.xcconfig"; sourceTree = "<group>"; };
		8094A9879B33C704B5DBDB72 /* Pods-NearbyTests.debug.xcconfig */ = {isa = PBXFileReference; includeInIndex = 1; lastKnownFileType = text.xcconfig; name = "Pods-NearbyTests.debug.xcconfig"; path = "Target Support Files/Pods-NearbyTests/Pods-NearbyTests.debug.xcconfig"; sourceTree = "<group>"; };
		9A1DADAB2290D620008289C2 /* NearbyUITests.xctest */ = {isa = PBXFileReference; explicitFileType = wrapper.cfbundle; includeInIndex = 0; path = NearbyUITests.xctest; sourceTree = BUILT_PRODUCTS_DIR; };
		9A1DADAD2290D620008289C2 /* NearbyUITests.swift */ = {isa = PBXFileReference; lastKnownFileType = sourcecode.swift; path = NearbyUITests.swift; sourceTree = "<group>"; };
		9A1DADAF2290D620008289C2 /* Info.plist */ = {isa = PBXFileReference; lastKnownFileType = text.plist.xml; path = Info.plist; sourceTree = "<group>"; };
		9A1DADB72290E045008289C2 /* Identifiers.swift */ = {isa = PBXFileReference; lastKnownFileType = sourcecode.swift; path = Identifiers.swift; sourceTree = "<group>"; };
		9A1DADE622933740008289C2 /* DetailViewController.swift */ = {isa = PBXFileReference; lastKnownFileType = sourcecode.swift; path = DetailViewController.swift; sourceTree = "<group>"; };
		9A1DADE722933740008289C2 /* DetailViewController.xib */ = {isa = PBXFileReference; lastKnownFileType = file.xib; path = DetailViewController.xib; sourceTree = "<group>"; };
		9A1DADEA229352C1008289C2 /* DetailViewControllerTests.swift */ = {isa = PBXFileReference; lastKnownFileType = sourcecode.swift; path = DetailViewControllerTests.swift; sourceTree = "<group>"; };
		9A3205BE2290721800E7911D /* MapViewController.swift */ = {isa = PBXFileReference; lastKnownFileType = sourcecode.swift; path = MapViewController.swift; sourceTree = "<group>"; };
		9A3205BF2290721800E7911D /* MapViewController.xib */ = {isa = PBXFileReference; lastKnownFileType = file.xib; path = MapViewController.xib; sourceTree = "<group>"; };
		9A3205C222909BB200E7911D /* main.swift */ = {isa = PBXFileReference; lastKnownFileType = sourcecode.swift; path = main.swift; sourceTree = "<group>"; };
		9A924BEE228C6D2200463602 /* Nearby.app */ = {isa = PBXFileReference; explicitFileType = wrapper.application; includeInIndex = 0; path = Nearby.app; sourceTree = BUILT_PRODUCTS_DIR; };
		9A924BF1228C6D2200463602 /* AppDelegate.swift */ = {isa = PBXFileReference; lastKnownFileType = sourcecode.swift; path = AppDelegate.swift; sourceTree = "<group>"; };
		9A924BF8228C6D2400463602 /* Assets.xcassets */ = {isa = PBXFileReference; lastKnownFileType = folder.assetcatalog; path = Assets.xcassets; sourceTree = "<group>"; };
		9A924BFB228C6D2400463602 /* Base */ = {isa = PBXFileReference; lastKnownFileType = file.storyboard; name = Base; path = Base.lproj/LaunchScreen.storyboard; sourceTree = "<group>"; };
		9A924BFD228C6D2400463602 /* Info.plist */ = {isa = PBXFileReference; lastKnownFileType = text.plist.xml; path = Info.plist; sourceTree = "<group>"; };
		9A924C02228C6D2400463602 /* NearbyTests.xctest */ = {isa = PBXFileReference; explicitFileType = wrapper.cfbundle; includeInIndex = 0; path = NearbyTests.xctest; sourceTree = BUILT_PRODUCTS_DIR; };
		9A924C08228C6D2400463602 /* Info.plist */ = {isa = PBXFileReference; lastKnownFileType = text.plist.xml; path = Info.plist; sourceTree = "<group>"; };
		9A924C1F228C869400463602 /* ResponseModel.swift */ = {isa = PBXFileReference; lastKnownFileType = sourcecode.swift; path = ResponseModel.swift; sourceTree = "<group>"; };
		9A924C27228C899900463602 /* BaseViewController.swift */ = {isa = PBXFileReference; lastKnownFileType = sourcecode.swift; path = BaseViewController.swift; sourceTree = "<group>"; };
		9A924C29228CA5E200463602 /* Service.swift */ = {isa = PBXFileReference; lastKnownFileType = sourcecode.swift; path = Service.swift; sourceTree = "<group>"; };
		9A924C2B228CB6CA00463602 /* MapAnnotation.swift */ = {isa = PBXFileReference; lastKnownFileType = sourcecode.swift; path = MapAnnotation.swift; sourceTree = "<group>"; };
		9A924C2E22900EA300463602 /* NetworkService.swift */ = {isa = PBXFileReference; lastKnownFileType = sourcecode.swift; path = NetworkService.swift; sourceTree = "<group>"; };
		9A924C3022900F6F00463602 /* NearbyTests-Bridging-Header.h */ = {isa = PBXFileReference; lastKnownFileType = sourcecode.c.h; path = "NearbyTests-Bridging-Header.h"; sourceTree = "<group>"; };
		9A924C3122900F6F00463602 /* MockService.swift */ = {isa = PBXFileReference; lastKnownFileType = sourcecode.swift; path = MockService.swift; sourceTree = "<group>"; };
		9A924C332290352C00463602 /* MapViewControllerTests.swift */ = {isa = PBXFileReference; lastKnownFileType = sourcecode.swift; path = MapViewControllerTests.swift; sourceTree = "<group>"; };
		A18D05EA116791EA7580E7D2 /* Pods-Nearby.debug.xcconfig */ = {isa = PBXFileReference; includeInIndex = 1; lastKnownFileType = text.xcconfig; name = "Pods-Nearby.debug.xcconfig"; path = "Target Support Files/Pods-Nearby/Pods-Nearby.debug.xcconfig"; sourceTree = "<group>"; };
		D3F5915E8B830137611240C7 /* Pods_Nearby.framework */ = {isa = PBXFileReference; explicitFileType = wrapper.framework; includeInIndex = 0; path = Pods_Nearby.framework; sourceTree = BUILT_PRODUCTS_DIR; };
		D4FC7A1281C57E67C9154912 /* Pods-NearbyUITests.debug.xcconfig */ = {isa = PBXFileReference; includeInIndex = 1; lastKnownFileType = text.xcconfig; name = "Pods-NearbyUITests.debug.xcconfig"; path = "Target Support Files/Pods-NearbyUITests/Pods-NearbyUITests.debug.xcconfig"; sourceTree = "<group>"; };
		E5688FCF87838A2C002C8161 /* Pods-NearbyTests.release.xcconfig */ = {isa = PBXFileReference; includeInIndex = 1; lastKnownFileType = text.xcconfig; name = "Pods-NearbyTests.release.xcconfig"; path = "Target Support Files/Pods-NearbyTests/Pods-NearbyTests.release.xcconfig"; sourceTree = "<group>"; };
		EA0AAB3D91479FF861DE21A3 /* libPods-NearbyUITests.a */ = {isa = PBXFileReference; explicitFileType = archive.ar; includeInIndex = 0; path = "libPods-NearbyUITests.a"; sourceTree = BUILT_PRODUCTS_DIR; };
/* End PBXFileReference section */

/* Begin PBXFrameworksBuildPhase section */
		9A1DADA82290D620008289C2 /* Frameworks */ = {
			isa = PBXFrameworksBuildPhase;
			buildActionMask = 2147483647;
			files = (
				06D481B3AED2782530D908CD /* libPods-NearbyUITests.a in Frameworks */,
			);
			runOnlyForDeploymentPostprocessing = 0;
		};
		9A924BEB228C6D2100463602 /* Frameworks */ = {
			isa = PBXFrameworksBuildPhase;
			buildActionMask = 2147483647;
			files = (
				CB9B2B5E2024EF1A142EC2D2 /* Pods_Nearby.framework in Frameworks */,
			);
			runOnlyForDeploymentPostprocessing = 0;
		};
		9A924BFF228C6D2400463602 /* Frameworks */ = {
			isa = PBXFrameworksBuildPhase;
			buildActionMask = 2147483647;
			files = (
				3C331AF1C705FC8AF12A1E98 /* libPods-NearbyTests.a in Frameworks */,
			);
			runOnlyForDeploymentPostprocessing = 0;
		};
/* End PBXFrameworksBuildPhase section */

/* Begin PBXGroup section */
		507679ED32645D8882F0B070 /* Frameworks */ = {
			isa = PBXGroup;
			children = (
				D3F5915E8B830137611240C7 /* Pods_Nearby.framework */,
				266BAB7C9B4C4EFA8863A05A /* libPods-NearbyTests.a */,
				EA0AAB3D91479FF861DE21A3 /* libPods-NearbyUITests.a */,
			);
			name = Frameworks;
			sourceTree = "<group>";
		};
		9A1DADAC2290D620008289C2 /* NearbyUITests */ = {
			isa = PBXGroup;
			children = (
				9A1DADAD2290D620008289C2 /* NearbyUITests.swift */,
				9A1DADAF2290D620008289C2 /* Info.plist */,
			);
			path = NearbyUITests;
			sourceTree = "<group>";
		};
		9A1DADE52293372A008289C2 /* Detail */ = {
			isa = PBXGroup;
			children = (
				9A1DADE622933740008289C2 /* DetailViewController.swift */,
				9A1DADE722933740008289C2 /* DetailViewController.xib */,
			);
			path = Detail;
			sourceTree = "<group>";
		};
		9A924BE5228C6D2100463602 = {
			isa = PBXGroup;
			children = (
				9A924BF0228C6D2200463602 /* Nearby */,
				9A924C05228C6D2400463602 /* NearbyTests */,
				9A1DADAC2290D620008289C2 /* NearbyUITests */,
				9A924BEF228C6D2200463602 /* Products */,
				CC9041E5DB5C9FDAC081A14D /* Pods */,
				507679ED32645D8882F0B070 /* Frameworks */,
			);
			sourceTree = "<group>";
		};
		9A924BEF228C6D2200463602 /* Products */ = {
			isa = PBXGroup;
			children = (
				9A924BEE228C6D2200463602 /* Nearby.app */,
				9A924C02228C6D2400463602 /* NearbyTests.xctest */,
				9A1DADAB2290D620008289C2 /* NearbyUITests.xctest */,
			);
			name = Products;
			sourceTree = "<group>";
		};
		9A924BF0228C6D2200463602 /* Nearby */ = {
			isa = PBXGroup;
			children = (
				9A1DADE52293372A008289C2 /* Detail */,
				9A924C2D22900E9100463602 /* Network */,
				9A924C24228C86EC00463602 /* Map */,
				9A924C23228C86E600463602 /* Helpers */,
				9A924BF1228C6D2200463602 /* AppDelegate.swift */,
				9A924BF8228C6D2400463602 /* Assets.xcassets */,
				9A924BFA228C6D2400463602 /* LaunchScreen.storyboard */,
				9A924BFD228C6D2400463602 /* Info.plist */,
				9A924C22228C86C200463602 /* Model */,
				9A3205C222909BB200E7911D /* main.swift */,
			);
			path = Nearby;
			sourceTree = "<group>";
		};
		9A924C05228C6D2400463602 /* NearbyTests */ = {
			isa = PBXGroup;
			children = (
				9A924C08228C6D2400463602 /* Info.plist */,
				9A924C3122900F6F00463602 /* MockService.swift */,
				9A924C3022900F6F00463602 /* NearbyTests-Bridging-Header.h */,
				9A924C332290352C00463602 /* MapViewControllerTests.swift */,
				9A1DADB72290E045008289C2 /* Identifiers.swift */,
				9A1DADEA229352C1008289C2 /* DetailViewControllerTests.swift */,
			);
			path = NearbyTests;
			sourceTree = "<group>";
		};
		9A924C22228C86C200463602 /* Model */ = {
			isa = PBXGroup;
			children = (
				9A924C2B228CB6CA00463602 /* MapAnnotation.swift */,
				9A924C1F228C869400463602 /* ResponseModel.swift */,
			);
			path = Model;
			sourceTree = "<group>";
		};
		9A924C23228C86E600463602 /* Helpers */ = {
			isa = PBXGroup;
			children = (
				9A924C27228C899900463602 /* BaseViewController.swift */,
				9A924C29228CA5E200463602 /* Service.swift */,
			);
			path = Helpers;
			sourceTree = "<group>";
		};
		9A924C24228C86EC00463602 /* Map */ = {
			isa = PBXGroup;
			children = (
				9A3205BE2290721800E7911D /* MapViewController.swift */,
				9A3205BF2290721800E7911D /* MapViewController.xib */,
			);
			path = Map;
			sourceTree = "<group>";
		};
		9A924C2D22900E9100463602 /* Network */ = {
			isa = PBXGroup;
			children = (
				9A924C2E22900EA300463602 /* NetworkService.swift */,
			);
			path = Network;
			sourceTree = "<group>";
		};
		CC9041E5DB5C9FDAC081A14D /* Pods */ = {
			isa = PBXGroup;
			children = (
				A18D05EA116791EA7580E7D2 /* Pods-Nearby.debug.xcconfig */,
				2D0A0EC3D261A535A41D2F62 /* Pods-Nearby.release.xcconfig */,
				8094A9879B33C704B5DBDB72 /* Pods-NearbyTests.debug.xcconfig */,
				E5688FCF87838A2C002C8161 /* Pods-NearbyTests.release.xcconfig */,
				D4FC7A1281C57E67C9154912 /* Pods-NearbyUITests.debug.xcconfig */,
				645D70C7B3D4F6B79832028F /* Pods-NearbyUITests.release.xcconfig */,
			);
			path = Pods;
			sourceTree = "<group>";
		};
/* End PBXGroup section */

/* Begin PBXNativeTarget section */
		9A1DADAA2290D620008289C2 /* NearbyUITests */ = {
			isa = PBXNativeTarget;
			buildConfigurationList = 9A1DADB42290D620008289C2 /* Build configuration list for PBXNativeTarget "NearbyUITests" */;
			buildPhases = (
				6797CC013C369EC40E5FF96D /* [CP] Check Pods Manifest.lock */,
				9A1DADA72290D620008289C2 /* Sources */,
				9A1DADA82290D620008289C2 /* Frameworks */,
				9A1DADA92290D620008289C2 /* Resources */,
			);
			buildRules = (
			);
			dependencies = (
				9A1DADB12290D620008289C2 /* PBXTargetDependency */,
			);
			name = NearbyUITests;
			productName = NearbyUITests;
			productReference = 9A1DADAB2290D620008289C2 /* NearbyUITests.xctest */;
			productType = "com.apple.product-type.bundle.ui-testing";
		};
		9A924BED228C6D2100463602 /* Nearby */ = {
			isa = PBXNativeTarget;
			buildConfigurationList = 9A924C16228C6D2400463602 /* Build configuration list for PBXNativeTarget "Nearby" */;
			buildPhases = (
				7E1E59AC00CC9202993D495C /* [CP] Check Pods Manifest.lock */,
				9A924BEA228C6D2100463602 /* Sources */,
				9A924BEB228C6D2100463602 /* Frameworks */,
				9A924BEC228C6D2100463602 /* Resources */,
				3F2535CD4F24E4E806F893DE /* [CP] Embed Pods Frameworks */,
			);
			buildRules = (
			);
			dependencies = (
			);
			name = Nearby;
			productName = Nearby;
			productReference = 9A924BEE228C6D2200463602 /* Nearby.app */;
			productType = "com.apple.product-type.application";
		};
		9A924C01228C6D2400463602 /* NearbyTests */ = {
			isa = PBXNativeTarget;
			buildConfigurationList = 9A924C19228C6D2400463602 /* Build configuration list for PBXNativeTarget "NearbyTests" */;
			buildPhases = (
				E42B3E233997C97F6EBEC7F9 /* [CP] Check Pods Manifest.lock */,
				9A924BFE228C6D2400463602 /* Sources */,
				9A924BFF228C6D2400463602 /* Frameworks */,
				9A924C00228C6D2400463602 /* Resources */,
			);
			buildRules = (
			);
			dependencies = (
				9A924C04228C6D2400463602 /* PBXTargetDependency */,
			);
			name = NearbyTests;
			productName = NearbyTests;
			productReference = 9A924C02228C6D2400463602 /* NearbyTests.xctest */;
			productType = "com.apple.product-type.bundle.unit-test";
		};
/* End PBXNativeTarget section */

/* Begin PBXProject section */
		9A924BE6228C6D2100463602 /* Project object */ = {
			isa = PBXProject;
			attributes = {
				LastSwiftUpdateCheck = 1020;
				LastUpgradeCheck = 1020;
				ORGANIZATIONNAME = rajeev;
				TargetAttributes = {
					9A1DADAA2290D620008289C2 = {
						CreatedOnToolsVersion = 10.2.1;
						TestTargetID = 9A924BED228C6D2100463602;
					};
					9A924BED228C6D2100463602 = {
						CreatedOnToolsVersion = 10.2.1;
					};
					9A924C01228C6D2400463602 = {
						CreatedOnToolsVersion = 10.2.1;
						LastSwiftMigration = 1020;
						TestTargetID = 9A924BED228C6D2100463602;
					};
				};
			};
			buildConfigurationList = 9A924BE9228C6D2100463602 /* Build configuration list for PBXProject "Nearby" */;
			compatibilityVersion = "Xcode 9.3";
			developmentRegion = en;
			hasScannedForEncodings = 0;
			knownRegions = (
				en,
				Base,
			);
			mainGroup = 9A924BE5228C6D2100463602;
			productRefGroup = 9A924BEF228C6D2200463602 /* Products */;
			projectDirPath = "";
			projectRoot = "";
			targets = (
				9A924BED228C6D2100463602 /* Nearby */,
				9A924C01228C6D2400463602 /* NearbyTests */,
				9A1DADAA2290D620008289C2 /* NearbyUITests */,
			);
		};
/* End PBXProject section */

/* Begin PBXResourcesBuildPhase section */
		9A1DADA92290D620008289C2 /* Resources */ = {
			isa = PBXResourcesBuildPhase;
			buildActionMask = 2147483647;
			files = (
			);
			runOnlyForDeploymentPostprocessing = 0;
		};
		9A924BEC228C6D2100463602 /* Resources */ = {
			isa = PBXResourcesBuildPhase;
			buildActionMask = 2147483647;
			files = (
				9A924BFC228C6D2400463602 /* LaunchScreen.storyboard in Resources */,
				9A924BF9228C6D2400463602 /* Assets.xcassets in Resources */,
				9A3205C12290721800E7911D /* MapViewController.xib in Resources */,
				9A1DADE922933740008289C2 /* DetailViewController.xib in Resources */,
			);
			runOnlyForDeploymentPostprocessing = 0;
		};
		9A924C00228C6D2400463602 /* Resources */ = {
			isa = PBXResourcesBuildPhase;
			buildActionMask = 2147483647;
			files = (
			);
			runOnlyForDeploymentPostprocessing = 0;
		};
/* End PBXResourcesBuildPhase section */

/* Begin PBXShellScriptBuildPhase section */
		3F2535CD4F24E4E806F893DE /* [CP] Embed Pods Frameworks */ = {
			isa = PBXShellScriptBuildPhase;
			buildActionMask = 2147483647;
			files = (
			);
			inputFileListPaths = (
				"${PODS_ROOT}/Target Support Files/Pods-Nearby/Pods-Nearby-frameworks-${CONFIGURATION}-input-files.xcfilelist",
			);
			name = "[CP] Embed Pods Frameworks";
			outputFileListPaths = (
				"${PODS_ROOT}/Target Support Files/Pods-Nearby/Pods-Nearby-frameworks-${CONFIGURATION}-output-files.xcfilelist",
			);
			runOnlyForDeploymentPostprocessing = 0;
			shellPath = /bin/sh;
			shellScript = "\"${PODS_ROOT}/Target Support Files/Pods-Nearby/Pods-Nearby-frameworks.sh\"\n";
			showEnvVarsInLog = 0;
		};
		6797CC013C369EC40E5FF96D /* [CP] Check Pods Manifest.lock */ = {
			isa = PBXShellScriptBuildPhase;
			buildActionMask = 2147483647;
			files = (
			);
			inputFileListPaths = (
			);
			inputPaths = (
				"${PODS_PODFILE_DIR_PATH}/Podfile.lock",
				"${PODS_ROOT}/Manifest.lock",
			);
			name = "[CP] Check Pods Manifest.lock";
			outputFileListPaths = (
			);
			outputPaths = (
				"$(DERIVED_FILE_DIR)/Pods-NearbyUITests-checkManifestLockResult.txt",
			);
			runOnlyForDeploymentPostprocessing = 0;
			shellPath = /bin/sh;
			shellScript = "diff \"${PODS_PODFILE_DIR_PATH}/Podfile.lock\" \"${PODS_ROOT}/Manifest.lock\" > /dev/null\nif [ $? != 0 ] ; then\n    # print error to STDERR\n    echo \"error: The sandbox is not in sync with the Podfile.lock. Run 'pod install' or update your CocoaPods installation.\" >&2\n    exit 1\nfi\n# This output is used by Xcode 'outputs' to avoid re-running this script phase.\necho \"SUCCESS\" > \"${SCRIPT_OUTPUT_FILE_0}\"\n";
			showEnvVarsInLog = 0;
		};
		7E1E59AC00CC9202993D495C /* [CP] Check Pods Manifest.lock */ = {
			isa = PBXShellScriptBuildPhase;
			buildActionMask = 2147483647;
			files = (
			);
			inputFileListPaths = (
			);
			inputPaths = (
				"${PODS_PODFILE_DIR_PATH}/Podfile.lock",
				"${PODS_ROOT}/Manifest.lock",
			);
			name = "[CP] Check Pods Manifest.lock";
			outputFileListPaths = (
			);
			outputPaths = (
				"$(DERIVED_FILE_DIR)/Pods-Nearby-checkManifestLockResult.txt",
			);
			runOnlyForDeploymentPostprocessing = 0;
			shellPath = /bin/sh;
			shellScript = "diff \"${PODS_PODFILE_DIR_PATH}/Podfile.lock\" \"${PODS_ROOT}/Manifest.lock\" > /dev/null\nif [ $? != 0 ] ; then\n    # print error to STDERR\n    echo \"error: The sandbox is not in sync with the Podfile.lock. Run 'pod install' or update your CocoaPods installation.\" >&2\n    exit 1\nfi\n# This output is used by Xcode 'outputs' to avoid re-running this script phase.\necho \"SUCCESS\" > \"${SCRIPT_OUTPUT_FILE_0}\"\n";
			showEnvVarsInLog = 0;
		};
		E42B3E233997C97F6EBEC7F9 /* [CP] Check Pods Manifest.lock */ = {
			isa = PBXShellScriptBuildPhase;
			buildActionMask = 2147483647;
			files = (
			);
			inputFileListPaths = (
			);
			inputPaths = (
				"${PODS_PODFILE_DIR_PATH}/Podfile.lock",
				"${PODS_ROOT}/Manifest.lock",
			);
			name = "[CP] Check Pods Manifest.lock";
			outputFileListPaths = (
			);
			outputPaths = (
				"$(DERIVED_FILE_DIR)/Pods-NearbyTests-checkManifestLockResult.txt",
			);
			runOnlyForDeploymentPostprocessing = 0;
			shellPath = /bin/sh;
			shellScript = "diff \"${PODS_PODFILE_DIR_PATH}/Podfile.lock\" \"${PODS_ROOT}/Manifest.lock\" > /dev/null\nif [ $? != 0 ] ; then\n    # print error to STDERR\n    echo \"error: The sandbox is not in sync with the Podfile.lock. Run 'pod install' or update your CocoaPods installation.\" >&2\n    exit 1\nfi\n# This output is used by Xcode 'outputs' to avoid re-running this script phase.\necho \"SUCCESS\" > \"${SCRIPT_OUTPUT_FILE_0}\"\n";
			showEnvVarsInLog = 0;
		};
/* End PBXShellScriptBuildPhase section */

/* Begin PBXSourcesBuildPhase section */
		9A1DADA72290D620008289C2 /* Sources */ = {
			isa = PBXSourcesBuildPhase;
			buildActionMask = 2147483647;
			files = (
				9A1DADB92290E049008289C2 /* Identifiers.swift in Sources */,
				9A1DADAE2290D620008289C2 /* NearbyUITests.swift in Sources */,
			);
			runOnlyForDeploymentPostprocessing = 0;
		};
		9A924BEA228C6D2100463602 /* Sources */ = {
			isa = PBXSourcesBuildPhase;
			buildActionMask = 2147483647;
			files = (
				9A1DADE822933740008289C2 /* DetailViewController.swift in Sources */,
				9A924BF2228C6D2200463602 /* AppDelegate.swift in Sources */,
				9A924C2C228CB6CA00463602 /* MapAnnotation.swift in Sources */,
				9A1DADB62290D738008289C2 /* MockService.swift in Sources */,
				9A3205C322909BB200E7911D /* main.swift in Sources */,
				9A3205C02290721800E7911D /* MapViewController.swift in Sources */,
				9A924C28228C899900463602 /* BaseViewController.swift in Sources */,
				9A924C2A228CA5E200463602 /* Service.swift in Sources */,
				9A924C20228C869400463602 /* ResponseModel.swift in Sources */,
				9A1DADBA2290E04A008289C2 /* Identifiers.swift in Sources */,
				9A924C2F22900EA300463602 /* NetworkService.swift in Sources */,
			);
			runOnlyForDeploymentPostprocessing = 0;
		};
		9A924BFE228C6D2400463602 /* Sources */ = {
			isa = PBXSourcesBuildPhase;
			buildActionMask = 2147483647;
			files = (
				9A924C3222900F6F00463602 /* MockService.swift in Sources */,
				9A1DADB82290E045008289C2 /* Identifiers.swift in Sources */,
				9A924C342290352C00463602 /* MapViewControllerTests.swift in Sources */,
				9A1DADEB229352C1008289C2 /* DetailViewControllerTests.swift in Sources */,
			);
			runOnlyForDeploymentPostprocessing = 0;
		};
/* End PBXSourcesBuildPhase section */

/* Begin PBXTargetDependency section */
		9A1DADB12290D620008289C2 /* PBXTargetDependency */ = {
			isa = PBXTargetDependency;
			target = 9A924BED228C6D2100463602 /* Nearby */;
			targetProxy = 9A1DADB02290D620008289C2 /* PBXContainerItemProxy */;
		};
		9A924C04228C6D2400463602 /* PBXTargetDependency */ = {
			isa = PBXTargetDependency;
			target = 9A924BED228C6D2100463602 /* Nearby */;
			targetProxy = 9A924C03228C6D2400463602 /* PBXContainerItemProxy */;
		};
/* End PBXTargetDependency section */

/* Begin PBXVariantGroup section */
		9A924BFA228C6D2400463602 /* LaunchScreen.storyboard */ = {
			isa = PBXVariantGroup;
			children = (
				9A924BFB228C6D2400463602 /* Base */,
			);
			name = LaunchScreen.storyboard;
			sourceTree = "<group>";
		};
/* End PBXVariantGroup section */

/* Begin XCBuildConfiguration section */
		9A1DADB22290D620008289C2 /* Debug */ = {
			isa = XCBuildConfiguration;
			baseConfigurationReference = D4FC7A1281C57E67C9154912 /* Pods-NearbyUITests.debug.xcconfig */;
			buildSettings = {
				CODE_SIGN_STYLE = Automatic;
				INFOPLIST_FILE = NearbyUITests/Info.plist;
				LD_RUNPATH_SEARCH_PATHS = (
					"$(inherited)",
					"@executable_path/Frameworks",
					"@loader_path/Frameworks",
				);
				PRODUCT_BUNDLE_IDENTIFIER = com.rajeev.NearbyUITests;
				PRODUCT_NAME = "$(TARGET_NAME)";
				SWIFT_VERSION = 5.0;
				TARGETED_DEVICE_FAMILY = "1,2";
				TEST_TARGET_NAME = Nearby;
			};
			name = Debug;
		};
		9A1DADB32290D620008289C2 /* Release */ = {
			isa = XCBuildConfiguration;
			baseConfigurationReference = 645D70C7B3D4F6B79832028F /* Pods-NearbyUITests.release.xcconfig */;
			buildSettings = {
				CODE_SIGN_STYLE = Automatic;
				INFOPLIST_FILE = NearbyUITests/Info.plist;
				LD_RUNPATH_SEARCH_PATHS = (
					"$(inherited)",
					"@executable_path/Frameworks",
					"@loader_path/Frameworks",
				);
				PRODUCT_BUNDLE_IDENTIFIER = com.rajeev.NearbyUITests;
				PRODUCT_NAME = "$(TARGET_NAME)";
				SWIFT_VERSION = 5.0;
				TARGETED_DEVICE_FAMILY = "1,2";
				TEST_TARGET_NAME = Nearby;
			};
			name = Release;
		};
		9A924C14228C6D2400463602 /* Debug */ = {
			isa = XCBuildConfiguration;
			buildSettings = {
				ALWAYS_SEARCH_USER_PATHS = NO;
				CLANG_ANALYZER_NONNULL = YES;
				CLANG_ANALYZER_NUMBER_OBJECT_CONVERSION = YES_AGGRESSIVE;
				CLANG_CXX_LANGUAGE_STANDARD = "gnu++14";
				CLANG_CXX_LIBRARY = "libc++";
				CLANG_ENABLE_MODULES = YES;
				CLANG_ENABLE_OBJC_ARC = YES;
				CLANG_ENABLE_OBJC_WEAK = YES;
				CLANG_WARN_BLOCK_CAPTURE_AUTORELEASING = YES;
				CLANG_WARN_BOOL_CONVERSION = YES;
				CLANG_WARN_COMMA = YES;
				CLANG_WARN_CONSTANT_CONVERSION = YES;
				CLANG_WARN_DEPRECATED_OBJC_IMPLEMENTATIONS = YES;
				CLANG_WARN_DIRECT_OBJC_ISA_USAGE = YES_ERROR;
				CLANG_WARN_DOCUMENTATION_COMMENTS = YES;
				CLANG_WARN_EMPTY_BODY = YES;
				CLANG_WARN_ENUM_CONVERSION = YES;
				CLANG_WARN_INFINITE_RECURSION = YES;
				CLANG_WARN_INT_CONVERSION = YES;
				CLANG_WARN_NON_LITERAL_NULL_CONVERSION = YES;
				CLANG_WARN_OBJC_IMPLICIT_RETAIN_SELF = YES;
				CLANG_WARN_OBJC_LITERAL_CONVERSION = YES;
				CLANG_WARN_OBJC_ROOT_CLASS = YES_ERROR;
				CLANG_WARN_RANGE_LOOP_ANALYSIS = YES;
				CLANG_WARN_STRICT_PROTOTYPES = YES;
				CLANG_WARN_SUSPICIOUS_MOVE = YES;
				CLANG_WARN_UNGUARDED_AVAILABILITY = YES_AGGRESSIVE;
				CLANG_WARN_UNREACHABLE_CODE = YES;
				CLANG_WARN__DUPLICATE_METHOD_MATCH = YES;
				CODE_SIGN_IDENTITY = "iPhone Developer";
				COPY_PHASE_STRIP = NO;
				DEBUG_INFORMATION_FORMAT = dwarf;
				ENABLE_STRICT_OBJC_MSGSEND = YES;
				ENABLE_TESTABILITY = YES;
				GCC_C_LANGUAGE_STANDARD = gnu11;
				GCC_DYNAMIC_NO_PIC = NO;
				GCC_NO_COMMON_BLOCKS = YES;
				GCC_OPTIMIZATION_LEVEL = 0;
				GCC_PREPROCESSOR_DEFINITIONS = (
					"DEBUG=1",
					"$(inherited)",
				);
				GCC_WARN_64_TO_32_BIT_CONVERSION = YES;
				GCC_WARN_ABOUT_RETURN_TYPE = YES_ERROR;
				GCC_WARN_UNDECLARED_SELECTOR = YES;
				GCC_WARN_UNINITIALIZED_AUTOS = YES_AGGRESSIVE;
				GCC_WARN_UNUSED_FUNCTION = YES;
				GCC_WARN_UNUSED_VARIABLE = YES;
				IPHONEOS_DEPLOYMENT_TARGET = 12.2;
				MTL_ENABLE_DEBUG_INFO = INCLUDE_SOURCE;
				MTL_FAST_MATH = YES;
				ONLY_ACTIVE_ARCH = YES;
				SDKROOT = iphoneos;
				SWIFT_ACTIVE_COMPILATION_CONDITIONS = DEBUG;
				SWIFT_OPTIMIZATION_LEVEL = "-Onone";
			};
			name = Debug;
		};
		9A924C15228C6D2400463602 /* Release */ = {
			isa = XCBuildConfiguration;
			buildSettings = {
				ALWAYS_SEARCH_USER_PATHS = NO;
				CLANG_ANALYZER_NONNULL = YES;
				CLANG_ANALYZER_NUMBER_OBJECT_CONVERSION = YES_AGGRESSIVE;
				CLANG_CXX_LANGUAGE_STANDARD = "gnu++14";
				CLANG_CXX_LIBRARY = "libc++";
				CLANG_ENABLE_MODULES = YES;
				CLANG_ENABLE_OBJC_ARC = YES;
				CLANG_ENABLE_OBJC_WEAK = YES;
				CLANG_WARN_BLOCK_CAPTURE_AUTORELEASING = YES;
				CLANG_WARN_BOOL_CONVERSION = YES;
				CLANG_WARN_COMMA = YES;
				CLANG_WARN_CONSTANT_CONVERSION = YES;
				CLANG_WARN_DEPRECATED_OBJC_IMPLEMENTATIONS = YES;
				CLANG_WARN_DIRECT_OBJC_ISA_USAGE = YES_ERROR;
				CLANG_WARN_DOCUMENTATION_COMMENTS = YES;
				CLANG_WARN_EMPTY_BODY = YES;
				CLANG_WARN_ENUM_CONVERSION = YES;
				CLANG_WARN_INFINITE_RECURSION = YES;
				CLANG_WARN_INT_CONVERSION = YES;
				CLANG_WARN_NON_LITERAL_NULL_CONVERSION = YES;
				CLANG_WARN_OBJC_IMPLICIT_RETAIN_SELF = YES;
				CLANG_WARN_OBJC_LITERAL_CONVERSION = YES;
				CLANG_WARN_OBJC_ROOT_CLASS = YES_ERROR;
				CLANG_WARN_RANGE_LOOP_ANALYSIS = YES;
				CLANG_WARN_STRICT_PROTOTYPES = YES;
				CLANG_WARN_SUSPICIOUS_MOVE = YES;
				CLANG_WARN_UNGUARDED_AVAILABILITY = YES_AGGRESSIVE;
				CLANG_WARN_UNREACHABLE_CODE = YES;
				CLANG_WARN__DUPLICATE_METHOD_MATCH = YES;
				CODE_SIGN_IDENTITY = "iPhone Developer";
				COPY_PHASE_STRIP = NO;
				DEBUG_INFORMATION_FORMAT = "dwarf-with-dsym";
				ENABLE_NS_ASSERTIONS = NO;
				ENABLE_STRICT_OBJC_MSGSEND = YES;
				GCC_C_LANGUAGE_STANDARD = gnu11;
				GCC_NO_COMMON_BLOCKS = YES;
				GCC_WARN_64_TO_32_BIT_CONVERSION = YES;
				GCC_WARN_ABOUT_RETURN_TYPE = YES_ERROR;
				GCC_WARN_UNDECLARED_SELECTOR = YES;
				GCC_WARN_UNINITIALIZED_AUTOS = YES_AGGRESSIVE;
				GCC_WARN_UNUSED_FUNCTION = YES;
				GCC_WARN_UNUSED_VARIABLE = YES;
				IPHONEOS_DEPLOYMENT_TARGET = 12.2;
				MTL_ENABLE_DEBUG_INFO = NO;
				MTL_FAST_MATH = YES;
				SDKROOT = iphoneos;
				SWIFT_COMPILATION_MODE = wholemodule;
				SWIFT_OPTIMIZATION_LEVEL = "-O";
				VALIDATE_PRODUCT = YES;
			};
			name = Release;
		};
		9A924C17228C6D2400463602 /* Debug */ = {
			isa = XCBuildConfiguration;
			baseConfigurationReference = A18D05EA116791EA7580E7D2 /* Pods-Nearby.debug.xcconfig */;
			buildSettings = {
				ASSETCATALOG_COMPILER_APPICON_NAME = AppIcon;
				CODE_SIGN_STYLE = Automatic;
				INFOPLIST_FILE = Nearby/Info.plist;
				LD_RUNPATH_SEARCH_PATHS = (
					"$(inherited)",
					"@executable_path/Frameworks",
				);
				PRODUCT_BUNDLE_IDENTIFIER = com.rajeev.Nearby;
				PRODUCT_NAME = "$(TARGET_NAME)";
				SWIFT_VERSION = 5.0;
				TARGETED_DEVICE_FAMILY = "1,2";
			};
			name = Debug;
		};
		9A924C18228C6D2400463602 /* Release */ = {
			isa = XCBuildConfiguration;
			baseConfigurationReference = 2D0A0EC3D261A535A41D2F62 /* Pods-Nearby.release.xcconfig */;
			buildSettings = {
				ASSETCATALOG_COMPILER_APPICON_NAME = AppIcon;
				CODE_SIGN_STYLE = Automatic;
				INFOPLIST_FILE = Nearby/Info.plist;
				LD_RUNPATH_SEARCH_PATHS = (
					"$(inherited)",
					"@executable_path/Frameworks",
				);
				PRODUCT_BUNDLE_IDENTIFIER = com.rajeev.Nearby;
				PRODUCT_NAME = "$(TARGET_NAME)";
				SWIFT_VERSION = 5.0;
				TARGETED_DEVICE_FAMILY = "1,2";
			};
			name = Release;
		};
		9A924C1A228C6D2400463602 /* Debug */ = {
			isa = XCBuildConfiguration;
			baseConfigurationReference = 8094A9879B33C704B5DBDB72 /* Pods-NearbyTests.debug.xcconfig */;
			buildSettings = {
				ALWAYS_EMBED_SWIFT_STANDARD_LIBRARIES = YES;
				BUNDLE_LOADER = "$(TEST_HOST)";
				CLANG_ENABLE_MODULES = YES;
				CODE_SIGN_STYLE = Automatic;
				INFOPLIST_FILE = NearbyTests/Info.plist;
				LD_RUNPATH_SEARCH_PATHS = (
					"$(inherited)",
					"@executable_path/Frameworks",
					"@loader_path/Frameworks",
				);
				PRODUCT_BUNDLE_IDENTIFIER = com.rajeev.NearbyTests;
				PRODUCT_NAME = "$(TARGET_NAME)";
				SWIFT_OBJC_BRIDGING_HEADER = "NearbyTests/NearbyTests-Bridging-Header.h";
				SWIFT_OPTIMIZATION_LEVEL = "-Onone";
				SWIFT_VERSION = 5.0;
				TARGETED_DEVICE_FAMILY = "1,2";
				TEST_HOST = "$(BUILT_PRODUCTS_DIR)/Nearby.app/Nearby";
			};
			name = Debug;
		};
		9A924C1B228C6D2400463602 /* Release */ = {
			isa = XCBuildConfiguration;
			baseConfigurationReference = E5688FCF87838A2C002C8161 /* Pods-NearbyTests.release.xcconfig */;
			buildSettings = {
				ALWAYS_EMBED_SWIFT_STANDARD_LIBRARIES = YES;
				BUNDLE_LOADER = "$(TEST_HOST)";
				CLANG_ENABLE_MODULES = YES;
				CODE_SIGN_STYLE = Automatic;
				INFOPLIST_FILE = NearbyTests/Info.plist;
				LD_RUNPATH_SEARCH_PATHS = (
					"$(inherited)",
					"@executable_path/Frameworks",
					"@loader_path/Frameworks",
				);
				PRODUCT_BUNDLE_IDENTIFIER = com.rajeev.NearbyTests;
				PRODUCT_NAME = "$(TARGET_NAME)";
				SWIFT_OBJC_BRIDGING_HEADER = "NearbyTests/NearbyTests-Bridging-Header.h";
				SWIFT_VERSION = 5.0;
				TARGETED_DEVICE_FAMILY = "1,2";
				TEST_HOST = "$(BUILT_PRODUCTS_DIR)/Nearby.app/Nearby";
			};
			name = Release;
		};
/* End XCBuildConfiguration section */

/* Begin XCConfigurationList section */
		9A1DADB42290D620008289C2 /* Build configuration list for PBXNativeTarget "NearbyUITests" */ = {
			isa = XCConfigurationList;
			buildConfigurations = (
				9A1DADB22290D620008289C2 /* Debug */,
				9A1DADB32290D620008289C2 /* Release */,
			);
			defaultConfigurationIsVisible = 0;
			defaultConfigurationName = Release;
		};
		9A924BE9228C6D2100463602 /* Build configuration list for PBXProject "Nearby" */ = {
			isa = XCConfigurationList;
			buildConfigurations = (
				9A924C14228C6D2400463602 /* Debug */,
				9A924C15228C6D2400463602 /* Release */,
			);
			defaultConfigurationIsVisible = 0;
			defaultConfigurationName = Release;
		};
		9A924C16228C6D2400463602 /* Build configuration list for PBXNativeTarget "Nearby" */ = {
			isa = XCConfigurationList;
			buildConfigurations = (
				9A924C17228C6D2400463602 /* Debug */,
				9A924C18228C6D2400463602 /* Release */,
			);
			defaultConfigurationIsVisible = 0;
			defaultConfigurationName = Release;
		};
		9A924C19228C6D2400463602 /* Build configuration list for PBXNativeTarget "NearbyTests" */ = {
			isa = XCConfigurationList;
			buildConfigurations = (
				9A924C1A228C6D2400463602 /* Debug */,
				9A924C1B228C6D2400463602 /* Release */,
			);
			defaultConfigurationIsVisible = 0;
			defaultConfigurationName = Release;
		};
/* End XCConfigurationList section */
	};
	rootObject = 9A924BE6228C6D2100463602 /* Project object */;
}
